{
  "name": "@digital-go-jp/tailwind-theme-plugin",
  "version": "0.3.0",
  "lockfileVersion": 3,
  "requires": true,
  "packages": {
    "": {
      "name": "@digital-go-jp/tailwind-theme-plugin",
      "version": "0.3.0",
      "license": "MIT",
      "peerDependencies": {
        "tailwindcss": "^3.4.17 || ^4.0.0"
      }
    },
    "node_modules/tailwindcss": {
      "version": "4.1.8",
      "resolved": "https://registry.npmjs.org/tailwindcss/-/tailwindcss-4.1.8.tgz",
      "integrity": "sha512-kjeW8gjdxasbmFKpVGrGd5T4i40mV5J2Rasw48QARfYeQ8YS9x02ON9SFWax3Qf616rt4Cp3nVNIj6Hd1mP3og==",
      "license": "MIT",
      "peer": true
    }
  }
}
